
Microsoft Visual Studio Solution File, Format Version 12.00
# Visual Studio Version 18
VisualStudioVersion = 18.3.11520.95
MinimumVisualStudioVersion = 10.0.40219.1
Project("{FAE04EC0-301F-11D3-BF4B-00C04F79EFBC}") = "ERA_Core", "..\ERA_Core\ERA_Core.csproj", "{20E5A747-9655-4248-AEF2-BEC246C7EF17}"
EndProject
Global
	GlobalSection(SolutionConfigurationPlatforms) = preSolution
		Debug|Any CPU = Debug|Any CPU
		Release|Any CPU = Release|Any CPU
	EndGlobalSection
	GlobalSection(ProjectConfigurationPlatforms) = postSolution
		{20E5A747-9655-4248-AEF2-BEC246C7EF17}.Debug|Any CPU.ActiveCfg = Debug|Any CPU
		{20E5A747-9655-4248-AEF2-BEC246C7EF17}.Debug|Any CPU.Build.0 = Debug|Any CPU
		{20E5A747-9655-4248-AEF2-BEC246C7EF17}.Release|Any CPU.ActiveCfg = Release|Any CPU
		{20E5A747-9655-4248-AEF2-BEC246C7EF17}.Release|Any CPU.Build.0 = Release|Any CPU
	EndGlobalSection
	GlobalSection(SolutionProperties) = preSolution
		HideSolutionNode = FALSE
	EndGlobalSection
	GlobalSection(ExtensibilityGlobals) = postSolution
		SolutionGuid = {2179ABF1-44A4-426E-A751-9193613D9D3B}
	EndGlobalSection
EndGlobal
